
Microsoft Visual Studio Solution File, Format Version 12.00
# Visual Studio 14
VisualStudioVersion = 14.0.25420.1
MinimumVisualStudioVersion = 10.0.40219.1
Project("{FAE04EC0-301F-11D3-BF4B-00C04F79EFBC}") = "BxSecurityGateway2018v2.AppConsola", "BxSecurityGateway2018v2.AppConsola\BxSecurityGateway2018v2.AppConsola.csproj", "{2DCE8926-71E2-4B5A-A5FC-F60EA2DF866F}"
EndProject
Project("{FAE04EC0-301F-11D3-BF4B-00C04F79EFBC}") = "BxSecurityGateway2018v2.ClassLibrary", "BxSecurityGateway2018v2.ClassLibrary\BxSecurityGateway2018v2.ClassLibrary.csproj", "{CE7D35E4-6724-4956-903F-44BF32336043}"
EndProject
Global
	GlobalSection(SolutionConfigurationPlatforms) = preSolution
		Debug|Any CPU = Debug|Any CPU
		Release|Any CPU = Release|Any CPU
	EndGlobalSection
	GlobalSection(ProjectConfigurationPlatforms) = postSolution
		{2DCE8926-71E2-4B5A-A5FC-F60EA2DF866F}.Debug|Any CPU.ActiveCfg = Debug|Any CPU
		{2DCE8926-71E2-4B5A-A5FC-F60EA2DF866F}.Debug|Any CPU.Build.0 = Debug|Any CPU
		{2DCE8926-71E2-4B5A-A5FC-F60EA2DF866F}.Release|Any CPU.ActiveCfg = Release|Any CPU
		{2DCE8926-71E2-4B5A-A5FC-F60EA2DF866F}.Release|Any CPU.Build.0 = Release|Any CPU
		{CE7D35E4-6724-4956-903F-44BF32336043}.Debug|Any CPU.ActiveCfg = Debug|Any CPU
		{CE7D35E4-6724-4956-903F-44BF32336043}.Debug|Any CPU.Build.0 = Debug|Any CPU
		{CE7D35E4-6724-4956-903F-44BF32336043}.Release|Any CPU.ActiveCfg = Release|Any CPU
		{CE7D35E4-6724-4956-903F-44BF32336043}.Release|Any CPU.Build.0 = Release|Any CPU
	EndGlobalSection
	GlobalSection(SolutionProperties) = preSolution
		HideSolutionNode = FALSE
	EndGlobalSection
EndGlobal
